version: 7
platforms:
- name: osx-arm64
  virtual-packages:
  - __unix=0=0
  - __osx=13.0
  - __archspec=0=m1
environments:
  default:
    channels:
    - url: https://conda.anaconda.org/conda-forge/
    indexes:
    - https://pypi.org/simple
    packages:
      osx-arm64:
      - conda: https://conda.anaconda.org/conda-forge/noarch/ca-certificates-2026.7.22-hbd8a1cb_0.conda
      - conda: https://conda.anaconda.org/conda-forge/noarch/duckdb-1.5.5-hff2d567_1.conda
      - conda: https://conda.anaconda.org/conda-forge/noarch/python-dateutil-2.9.0.post0-pyhe01879c_2.conda
      - conda: https://conda.anaconda.org/conda-forge/noarch/python_abi-3.11-9_cp311.conda
      - conda: https://conda.anaconda.org/conda-forge/noarch/six-1.17.0-pyhe01879c_1.conda
      - conda: https://conda.anaconda.org/conda-forge/noarch/tzdata-2026c-h151e31d_0.conda
      - conda: https://conda.anaconda.org/conda-forge/osx-arm64/_openmp_mutex-4.5-8_kmp_llvm.conda
      - conda: https://conda.anaconda.org/conda-forge/osx-arm64/bzip2-1.0.8-h4e30115_10.conda
      - conda: https://conda.anaconda.org/conda-forge/osx-arm64/icu-78.3-py310h579977c_2.conda
      - conda: https://conda.anaconda.org/conda-forge/osx-arm64/libblas-3.11.0-11_h51639a9_openblas.conda
      - conda: https://conda.anaconda.org/conda-forge/osx-arm64/libcblas-3.11.0-11_hb0561ab_openblas.conda
      - conda: https://conda.anaconda.org/conda-forge/osx-arm64/libcxx-23.1.1-h55c6f16_0.conda
      - conda: https://conda.anaconda.org/conda-forge/osx-arm64/libexpat-2.8.4-h6111c0a_0.conda
      - conda: https://conda.anaconda.org/conda-forge/osx-arm64/libffi-3.7.0-h47dc5ef_1.conda
      - conda: https://conda.anaconda.org/conda-forge/osx-arm64/libgcc-16.2.0-h3cf6597_5.conda
      - conda: https://conda.anaconda.org/conda-forge/osx-arm64/libgfortran-16.2.0-h07b0088_5.conda
      - conda: https://conda.anaconda.org/conda-forge/osx-arm64/libgfortran5-16.2.0-hdb7a957_5.conda
      - conda: https://conda.anaconda.org/conda-forge/osx-arm64/liblapack-3.11.0-11_hd9741b5_openblas.conda
      - conda: https://conda.anaconda.org/conda-forge/osx-arm64/liblzma-5.8.3-h8088a28_1.conda
      - conda: https://conda.anaconda.org/conda-forge/osx-arm64/libopenblas-0.3.34-openmp_h5e6e99c_1.conda
      - conda: https://conda.anaconda.org/conda-forge/osx-arm64/libpython-3.11.16-h4e5ec87_2_cpython.conda
      - conda: https://conda.anaconda.org/conda-forge/osx-arm64/libsqlite-3.53.4-hca69786_1.conda
      - conda: https://conda.anaconda.org/conda-forge/osx-arm64/libzlib-1.3.2-h8088a28_3.conda
      - conda: https://conda.anaconda.org/conda-forge/osx-arm64/llvm-openmp-23.1.2-hdb3d66b_0.conda
      - conda: https://conda.anaconda.org/conda-forge/osx-arm64/ncurses-6.6-he64c551_1.conda
      - conda: https://conda.anaconda.org/conda-forge/osx-arm64/numpy-2.4.6-py311hbd1492f_0.conda
      - conda: https://conda.anaconda.org/conda-forge/osx-arm64/openssl-3.6.4-h55eecbc_0.conda
      - conda: https://conda.anaconda.org/conda-forge/osx-arm64/pandas-3.0.6-np2py311h0e7d951_0.conda
      - conda: https://conda.anaconda.org/conda-forge/osx-arm64/python-3.11.16-hd05a0c4_2_cpython.conda
      - conda: https://conda.anaconda.org/conda-forge/osx-arm64/python-duckdb-1.5.5-py311hcf9e9d8_1.conda
      - conda: https://conda.anaconda.org/conda-forge/osx-arm64/readline-8.3-h8b90a29_1.conda
      - conda: https://conda.anaconda.org/conda-forge/osx-arm64/tk-8.6.13-hbeba79b_4.conda
      - pypi: https://files.pythonhosted.org/packages/05/ec/fa6963f1198172c2b75c9ab6ecefb3045991f92f75f5eb41b6621b198123/easydict-1.13-py3-none-any.whl
      - pypi: https://files.pythonhosted.org/packages/0b/a7/71ac2cff56fec219ed242bb11b8efb69fcc4bec75db06fb7bfe35de520e6/certifi-2026.7.22-py3-none-any.whl
      - pypi: https://files.pythonhosted.org/packages/49/d3/b8441a820a491ddfc024b0b0cf0393375b75ea13866d9c66727e54c2fc80/typing_extensions-4.16.0-py3-none-any.whl
      - pypi: https://files.pythonhosted.org/packages/58/a2/bb081bab032533a855d44de1d56f8e8426114ff1ba5d1f07a438a0a654f8/idna-3.20-py3-none-any.whl
      - pypi: https://files.pythonhosted.org/packages/64/b4/17d4b0b2a2dc85a6df63d1157e028ed19f90d4cd97c36717afef2bc2f395/attrs-26.1.0-py3-none-any.whl
      - pypi: https://files.pythonhosted.org/packages/6a/b6/034f6802e9c3f6418966cfabb7db8c9252cc2429c5098f41cc43af804149/charset_normalizer-3.5.1-cp311-cp311-macosx_10_9_universal2.whl
      - pypi: https://files.pythonhosted.org/packages/92/9d/c4e665119135114480843e7ab388fa94d8480650450e6f8e26b70d323a4c/urllib3-2.8.0-py3-none-any.whl
      - pypi: https://files.pythonhosted.org/packages/9d/bf/98209a164859c81d9eec311ee2b35cd1e5b33c7be8d3665c08850557abe1/url_normalize-3.0.1-py3-none-any.whl
      - pypi: https://files.pythonhosted.org/packages/a0/f4/c67b0b3f1b9245e8d266f0f112c500d50e5b4e83cb6f3b71b6528104182a/requests-2.34.2-py3-none-any.whl
      - pypi: https://files.pythonhosted.org/packages/a5/bf/c1775e49b350225bd851576ba75263bc728d8f05c0e31439a45f3429cc7b/requests_cache-1.3.3-py3-none-any.whl
      - pypi: https://files.pythonhosted.org/packages/c2/7a/81dd5eb6d6166f733c02aeff6eff207ee3cd077872e6a20da925044c3d59/chembl_webresource_client-0.10.9-py3-none-any.whl
      - pypi: https://files.pythonhosted.org/packages/ec/2b/69de6317fbf48865bb12aa56c9cfcfff46b3add0cd45250725d96146dce0/platformdirs-4.11.12-py3-none-any.whl
      - pypi: https://files.pythonhosted.org/packages/f5/4d/6b8460462012a52075ba97932197f8c141be71b8e5f7e918af08ee73424b/cattrs-26.2.0-py3-none-any.whl
packages:
- conda: https://conda.anaconda.org/conda-forge/noarch/ca-certificates-2026.7.22-hbd8a1cb_0.conda
  sha256: 0a0544cf95f64394fe4959286f5c71f5444ad58feb0602e53becb27448d24da6
  md5: 0f51e2391ade309db462a55611263e9c
  depends:
  - __unix
  license: ISC
  purls: []
  run_exports: {}
  size: 131780
  timestamp: 1784754889428
- conda: https://conda.anaconda.org/conda-forge/noarch/duckdb-1.5.5-hff2d567_1.conda
  sha256: 895564c52163003488bac34e6bcba965912bfc380c060fbdfd7547eb7ff6ca8e
  md5: 1ed60a1b3682dc764bacb3a50c18764e
  depends:
  - python-duckdb >=1.5.5,<1.5.6.0a0
  license: MIT
  license_family: MIT
  purls:
  - pkg:pypi/duckdb?source=compressed-mapping
  run_exports: {}
  size: 7858
  timestamp: 1788621760258
- conda: https://conda.anaconda.org/conda-forge/noarch/python-dateutil-2.9.0.post0-pyhe01879c_2.conda
  sha256: d6a17ece93bbd5139e02d2bd7dbfa80bee1a4261dced63f65f679121686bf664
  md5: 5b8d21249ff20967101ffa321cab24e8
  depends:
  - python >=3.9
  - six >=1.5
  - python
  license: Apache-2.0
  license_family: APACHE
  purls:
  - pkg:pypi/python-dateutil?source=hash-mapping
  run_exports: {}
  size: 233310
  timestamp: 1751104122689
- conda: https://conda.anaconda.org/conda-forge/noarch/python_abi-3.11-9_cp311.conda
  build_number: 9
  sha256: bcfbad269758f4617035314fe379ee655bc2d9db5282e7a00d61450b7cefa3cf
  md5: 18e91a03be08122180f208723e42a52e
  constrains:
  - python 3.11.* *_cpython
  license: BSD-3-Clause
  license_family: BSD
  purls: []
  run_exports: {}
  size: 6770
  timestamp: 1788302830198
- conda: https://conda.anaconda.org/conda-forge/noarch/six-1.17.0-pyhe01879c_1.conda
  sha256: 458227f759d5e3fcec5d9b7acce54e10c9e1f4f4b7ec978f3bfd54ce4ee9853d
  md5: 3339e3b65d58accf4ca4fb8748ab16b3
  depends:
  - python >=3.9
  - python
  license: MIT
  license_family: MIT
  purls:
  - pkg:pypi/six?source=hash-mapping
  run_exports: {}
  size: 18455
  timestamp: 1753199211006
- conda: https://conda.anaconda.org/conda-forge/noarch/tzdata-2026c-h151e31d_0.conda
  sha256: b928c30ddcb0e3f544c6eade8352737e6e610e263276b90232db6a578ef899d8
  md5: fcb489df604d100968b737f2cb6076c6
  license: LicenseRef-Public-Domain
  purls: []
  run_exports: {}
  size: 118849
  timestamp: 1784250406640
- conda: https://conda.anaconda.org/conda-forge/osx-arm64/_openmp_mutex-4.5-8_kmp_llvm.conda
  build_number: 8
  sha256: c7c98ce74f6a7ff25aaa4706d06fa41d63a333add4d697b73aa4d8d2d7ad7651
  md5: a2d706b4a7d603524133037c34f7fb76
  depends:
  - llvm-openmp >=9.0.1
  license: BSD-3-Clause
  license_family: BSD
  purls: []
  run_exports:
    weak:
    - _openmp_mutex >=4.5
  size: 8016
  timestamp: 1788046437162
- conda: https://conda.anaconda.org/conda-forge/osx-arm64/bzip2-1.0.8-h4e30115_10.conda
  sha256: 8ec22f0ba25cbfc2e64d70cf29459eccd7ffdf6436f6a6ff15bbfef799f7d4f6
  md5: b50612e7d190b8061ab4e7dc119cf4d5
  depends:
  - __osx >=11.0
  license: bzip2-1.0.6
  license_family: BSD
  purls: []
  run_exports:
    weak:
    - bzip2 >=1.0.8,<2.0a0
  size: 124965
  timestamp: 1785906749812
- conda: https://conda.anaconda.org/conda-forge/osx-arm64/icu-78.3-py310h579977c_2.conda
  sha256: 6cdb5dee54c72e56ab189fb3ad33cb28533553d42590e7e831160248f4416a43
  md5: a5efc0b42bb8b42e97d0a29ae3e3c187
  depends:
  - __osx >=11.0
  license: MIT
  license_family: MIT
  purls: []
  run_exports:
    weak:
    - icu >=78.3,<79.0a0
  size: 14070242
  timestamp: 1786545847761
- conda: https://conda.anaconda.org/conda-forge/osx-arm64/libblas-3.11.0-11_h51639a9_openblas.conda
  build_number: 11
  sha256: 718c3e1a16ad946caeeba041520dc18b7af461226bd8c28faef78b181920dbb4
  md5: 364639b771dbb4ede335d965f55a23ac
  depends:
  - libopenblas >=0.3.34,<0.3.35.0a0
  - libopenblas >=0.3.34,<1.0a0
  constrains:
  - blas 2.311   openblas
  - libcblas   3.11.0   11*_openblas
  - liblapack  3.11.0   11*_openblas
  - liblapacke 3.11.0   11*_openblas
  - mkl <2027
  license: BSD-3-Clause
  license_family: BSD
  purls: []
  run_exports:
    weak:
    - libblas >=3.11.0,<4.0a0
  size: 18300
  timestamp: 1789061064192
- conda: https://conda.anaconda.org/conda-forge/osx-arm64/libcblas-3.11.0-11_hb0561ab_openblas.conda
  build_number: 11
  sha256: 3cebd672d8bd7c776a381422ea3fc48131343aeda2879974734715ac6a05c292
  md5: 73bde7d713e790b3168707e02102e87b
  depends:
  - libblas 3.11.0 11_h51639a9_openblas
  constrains:
  - blas 2.311   openblas
  - liblapack  3.11.0   11*_openblas
  - liblapacke 3.11.0   11*_openblas
  license: BSD-3-Clause
  license_family: BSD
  purls: []
  run_exports:
    weak:
    - libcblas >=3.11.0,<4.0a0
  size: 18324
  timestamp: 1789061068736
- conda: https://conda.anaconda.org/conda-forge/osx-arm64/libcxx-23.1.1-h55c6f16_0.conda
  sha256: 3f902803f0fc2643a4f82ff15a06811d974ff5fb6fa8f957720a7ef84e13ad98
  md5: b61106a0b5ac7cfe874f8b2e4f067dfa
  depends:
  - __osx >=11.0
  license: Apache-2.0 WITH LLVM-exception
  license_family: Apache
  purls: []
  run_exports: {}
  size: 578565
  timestamp: 1788869180613
- conda: https://conda.anaconda.org/conda-forge/osx-arm64/libexpat-2.8.4-h6111c0a_0.conda
  sha256: fbf03ab4a6d688fa07d262cfa4cba3cbfb7fbb53607e40457d4494314407135d
  md5: f161bcc1e6de30d76093b4534b8f1a77
  depends:
  - __osx >=11.0
  constrains:
  - expat 2.8.4.*
  license: MIT
  license_family: MIT
  purls: []
  run_exports: {}
  size: 69407
  timestamp: 1790073022951
- conda: https://conda.anaconda.org/conda-forge/osx-arm64/libffi-3.7.0-h47dc5ef_1.conda
  sha256: 2783389a7b9dda04c62cc54c6bbeb03dd3cef24b3fc642715d02a3fa19464a9a
  md5: 216bbcc23c11e9695b3db4a8771d76eb
  depends:
  - __osx >=11.0
  license: MIT
  license_family: MIT
  purls: []
  run_exports:
    weak:
    - libffi >=3.7.0,<3.8.0a0
  size: 43637
  timestamp: 1787753403688
- conda: https://conda.anaconda.org/conda-forge/osx-arm64/libgcc-16.2.0-h3cf6597_5.conda
  sha256: f1bb2e00832ccfb67fcf66e01005e47d55db2c993a3de7c7b3d07b88edb5ef41
  md5: 90408ee3891a10f54795b45927b41666
  depends:
  - _openmp_mutex
  constrains:
  - libgcc-ng ==16.2.0=*_5
  - libgomp 16.2.0 5
  license: GPL-3.0-only WITH GCC-exception-3.1
  license_family: GPL
  purls: []
  run_exports: {}
  size: 365714
  timestamp: 1789485572279
- conda: https://conda.anaconda.org/conda-forge/osx-arm64/libgfortran-16.2.0-h07b0088_5.conda
  sha256: 8afe97e015b025e71823d8195da6b97c9177b0dedc2d5072fe15ec0f39086f25
  md5: 592ca0c6b8c4e1952fc28dbec011a86b
  depends:
  - libgfortran5 16.2.0 hdb7a957_5
  constrains:
  - libgfortran-ng ==16.2.0=*_5
  license: GPL-3.0-only WITH GCC-exception-3.1
  license_family: GPL
  purls: []
  run_exports: {}
  size: 99933
  timestamp: 1789485673521
- conda: https://conda.anaconda.org/conda-forge/osx-arm64/libgfortran5-16.2.0-hdb7a957_5.conda
  sha256: e0046e236fefb28cdb93edda0acea93199f4f867a1925c26d3f5f0574d8d79c7
  md5: e4e2987faf21e97c1a8d91f57c79818d
  depends:
  - libgcc >=16.2.0
  constrains:
  - libgfortran 16.2.0
  license: GPL-3.0-only WITH GCC-exception-3.1
  license_family: GPL
  purls: []
  run_exports: {}
  size: 554489
  timestamp: 1789485578946
- conda: https://conda.anaconda.org/conda-forge/osx-arm64/liblapack-3.11.0-11_hd9741b5_openblas.conda
  build_number: 11
  sha256: e7697df761eeb243272801a8c883dc1de6018a7f738746b443ef1396f0a78075
  md5: d67ef1462e77d20cd3e0d27c876c3c9a
  depends:
  - libblas 3.11.0 11_h51639a9_openblas
  constrains:
  - blas 2.311   openblas
  - libcblas   3.11.0   11*_openblas
  - liblapacke 3.11.0   11*_openblas
  license: BSD-3-Clause
  license_family: BSD
  purls: []
  run_exports:
    weak:
    - liblapack >=3.11.0,<3.12.0a0
  size: 18284
  timestamp: 1789061072707
- conda: https://conda.anaconda.org/conda-forge/osx-arm64/liblzma-5.8.3-h8088a28_1.conda
  sha256: 23d0630046a3e8b164d8f80f2b74ed2605af2e7050ab9913018056402fae4311
  md5: 8ab10323068b107661a4b9a4af84f3b5
  depends:
  - __osx >=11.0
  constrains:
  - xz 5.8.3.*
  license: 0BSD
  purls: []
  run_exports:
    weak:
    - liblzma >=5.8.3,<6.0a0
  size: 91720
  timestamp: 1786348695846
- conda: https://conda.anaconda.org/conda-forge/osx-arm64/libopenblas-0.3.34-openmp_h5e6e99c_1.conda
  sha256: 18f167fdaa26f67a123c59766f4730b41866d2c0920b5c29d74a93d3a2e92a96
  md5: 9c874eb9d4441a658ef3acf6ac56dc3e
  depends:
  - __osx >=11.0
  - libgcc >=15
  - libgfortran
  - libgfortran5 >=15.3.0
  - llvm-openmp >=21.1.8
  constrains:
  - openblas >=0.3.34,<0.3.35.0a0
  license: BSD-3-Clause
  license_family: BSD
  purls: []
  run_exports:
    weak:
    - libopenblas >=0.3.34,<1.0a0
  size: 4249236
  timestamp: 1789023664380
- conda: https://conda.anaconda.org/conda-forge/osx-arm64/libpython-3.11.16-h4e5ec87_2_cpython.conda
  build_number: 2
  sha256: 84d73b53c8de05071a39806611f0f37f8f915510ef8998f6d749411b738a8080
  md5: 671bf1db2eb4a12fa79867f82544a29b
  depends:
  - __osx >=11.0
  - libcxx >=21
  license: Python-2.0
  purls: []
  run_exports: {}
  size: 1699014
  timestamp: 1788392316133
- conda: https://conda.anaconda.org/conda-forge/osx-arm64/libsqlite-3.53.4-hca69786_1.conda
  sha256: 839b31d4830e896b4d315b551d27f2bb08026bc946df04bcc360d8627c3ba2cd
  md5: fde96d40ebe9a9cb34e4122380189ddb
  depends:
  - __osx >=11.0
  - icu >=78.3,<79.0a0
  - libzlib >=1.3.2,<2.0a0
  license: blessing
  purls: []
  run_exports:
    weak:
    - libsqlite >=3.53.4,<4.0a0
  size: 942754
  timestamp: 1787051243846
- conda: https://conda.anaconda.org/conda-forge/osx-arm64/libzlib-1.3.2-h8088a28_3.conda
  sha256: a18fa5d5bac452401459f966cf0d872224e8080c4ff93c77e168d43ab42ef9d7
  md5: f39288f0ea63ae962e1a2e4f355a0d75
  depends:
  - __osx >=11.0
  constrains:
  - zlib 1.3.2 *_3
  license: Zlib
  license_family: Other
  purls: []
  run_exports:
    weak:
    - libzlib >=1.3.2,<2.0a0
  size: 47822
  timestamp: 1785277049190
- conda: https://conda.anaconda.org/conda-forge/osx-arm64/llvm-openmp-23.1.2-hdb3d66b_0.conda
  sha256: f9aea67117079c00b9663ee0bbca7e5409dbe94625c34e68881ce2c97c3d47c9
  md5: 97fa48b6e1d996689e6d3f822a41f1bf
  depends:
  - __osx >=11.0
  constrains:
  - intel-openmp <0.0a0
  - openmp 23.1.2|23.1.2.*
  license: Apache-2.0 WITH LLVM-exception
  purls: []
  run_exports:
    strong:
    - llvm-openmp >=23.1.2
  size: 287714
  timestamp: 1790195505384
- conda: https://conda.anaconda.org/conda-forge/osx-arm64/ncurses-6.6-he64c551_1.conda
  sha256: 7024a48c8c0d0114ed4ab53c76bf9275d50e91ba7cea367a9aead638d3c29c68
  md5: 3dfa0d0316dc246cd44937a557de4501
  depends:
  - __osx >=11.0
  license: X11 AND BSD-3-Clause
  purls: []
  run_exports:
    weak:
    - ncurses >=6.6,<7.0a0
  size: 804298
  timestamp: 1786355189145
- conda: https://conda.anaconda.org/conda-forge/osx-arm64/numpy-2.4.6-py311hbd1492f_0.conda
  sha256: 08e5062ab9bce23adef1c62282a99d035780e43eb8a843b0f11d8a1e967fe123
  md5: 7738446d4be7ac8b56e6d6e3bdb7e52b
  depends:
  - python
  - libcxx >=19
  - __osx >=11.0
  - python_abi 3.11.* *_cp311
  - libblas >=3.9.0,<4.0a0
  - libcblas >=3.9.0,<4.0a0
  - liblapack >=3.9.0,<4.0a0
  constrains:
  - numpy-base <0a0
  license: BSD-3-Clause
  license_family: BSD
  purls:
  - pkg:pypi/numpy?source=hash-mapping
  run_exports:
    weak:
    - numpy >=1.23,<3
  size: 7456206
  timestamp: 1779169211856
- conda: https://conda.anaconda.org/conda-forge/osx-arm64/openssl-3.6.4-h55eecbc_0.conda
  sha256: f23239eacd75c4c50705e68fae1aa3292da473e6a3a4abe2330f1e6afa680704
  md5: ae71ab40048c19a389a7dcccb86c2481
  depends:
  - __osx >=11.0
  - ca-certificates
  license: Apache-2.0
  license_family: Apache
  purls: []
  run_exports:
    weak:
    - openssl >=3.6.4,<4.0a0
  size: 3110142
  timestamp: 1787698648639
- conda: https://conda.anaconda.org/conda-forge/osx-arm64/pandas-3.0.6-np2py311h0e7d951_0.conda
  sha256: c7dff4fedcb00308b4fee9659f1085c45b9820113bd1f551971de8943180efb2
  md5: 389df2777f229143974baf36996de0ec
  depends:
  - python
  - numpy >=1.26.0
  - python-dateutil >=2.8.2
  - libcxx >=21
  - __osx >=11.0
  - python_abi 3.11.* *_cp311
  - numpy >=1.23,<3
  constrains:
  - adbc-driver-postgresql >=1.2.0
  - adbc-driver-sqlite >=1.2.0
  - beautifulsoup4 >=4.12.3
  - blosc >=1.21.3
  - bottleneck >=1.4.2
  - fastparquet >=2024.11.0
  - fsspec >=2024.10.0
  - gcsfs >=2024.10.0
  - html5lib >=1.1
  - hypothesis >=6.116.0
  - jinja2 >=3.1.5
  - lxml >=5.3.0
  - matplotlib >=3.9.3
  - numba >=0.60.0
  - numexpr >=2.10.2
  - odfpy >=1.4.1
  - openpyxl >=3.1.5
  - psycopg2 >=2.9.10
  - pyarrow >=13.0.0
  - pyiceberg >=0.8.1
  - pymysql >=1.1.1
  - pyqt5 >=5.15.9
  - pyreadstat >=1.2.8
  - pytables >=3.10.1
  - pytest >=8.3.4
  - pytest-xdist >=3.6.1
  - python-calamine >=0.3.0
  - pytz >=2024.2
  - pyxlsb >=1.0.10
  - qtpy >=2.4.2
  - scipy >=1.14.1
  - s3fs >=2024.10.0
  - sqlalchemy >=2.0.36
  - tabulate >=0.9.0
  - xarray >=2024.10.0
  - xlrd >=2.0.1
  - xlsxwriter >=3.2.0
  - zstandard >=0.23.0
  license: BSD-3-Clause
  license_family: BSD
  purls:
  - pkg:pypi/pandas?source=compressed-mapping
  run_exports: {}
  size: 14404697
  timestamp: 1789803425713
- conda: https://conda.anaconda.org/conda-forge/osx-arm64/python-3.11.16-hd05a0c4_2_cpython.conda
  build_number: 2
  sha256: dbdb7e9f1f91d6eab8cba59c9bb3d46f81b0fac2a2bc30bad03af0caf3b7dda3
  md5: 5a51f688fc616b12e21e038cfd04de27
  depends:
  - __osx >=11.0
  - bzip2 >=1.0.8,<2.0a0
  - libexpat >=2.8.1,<3.0a0
  - libffi >=3.7.0,<3.8.0a0
  - liblzma >=5.8.3,<6.0a0
  - libpython 3.11.16 h4e5ec87_2_cpython
  - libsqlite >=3.53.4,<4.0a0
  - libzlib >=1.3.2,<2.0a0
  - ncurses >=6.6,<7.0a0
  - openssl >=3.5.8,<4.0a0
  - readline >=8.3,<9.0a0
  - tk >=8.6.13,<8.7.0a0
  - tzdata
  constrains:
  - python_abi 3.11.* *_cp311
  license: Python-2.0
  purls: []
  run_exports:
    weak:
    - python_abi 3.11.* *_cp311
    noarch:
    - python
  size: 13755577
  timestamp: 1788392365884
- conda: https://conda.anaconda.org/conda-forge/osx-arm64/python-duckdb-1.5.5-py311hcf9e9d8_1.conda
  sha256: 744e07b182529dcb75fc96f4b51ce330f342a22781960c6957f639cfabb2bde0
  md5: df2f16c080c8d1788581d8815169e365
  depends:
  - __osx >=11.0
  - libcxx >=21
  - python >=3.11,<3.12.0a0
  - python_abi 3.11.* *_cp311
  license: MIT
  license_family: MIT
  purls:
  - pkg:pypi/duckdb?source=hash-mapping
  run_exports: {}
  size: 12383659
  timestamp: 1788620946830
- conda: https://conda.anaconda.org/conda-forge/osx-arm64/readline-8.3-h8b90a29_1.conda
  sha256: d6782b430e6dce4fe8c7ac118cd988d5a193eb4a7f60741edfaede58016b6110
  md5: 9347fd56a002e6b58946831d48fe62f6
  depends:
  - __osx >=11.0
  - ncurses >=6.6,<7.0a0
  license: GPL-3.0-only
  license_family: GPL
  purls: []
  run_exports:
    weak:
    - readline >=8.3,<9.0a0
  size: 314395
  timestamp: 1787033878899
- conda: https://conda.anaconda.org/conda-forge/osx-arm64/tk-8.6.13-hbeba79b_4.conda
  sha256: 857d89087ae7f2c328cf256728affcb7343031a148b4af847334d248a9cf564c
  md5: 90a01bf394d1c594e0eb9258f967d828
  depends:
  - __osx >=11.0
  - libzlib >=1.3.2,<2.0a0
  license: TCL
  purls: []
  run_exports:
    weak:
    - tk >=8.6.13,<8.7.0a0
  size: 3342183
  timestamp: 1787272852357
- pypi: https://files.pythonhosted.org/packages/05/ec/fa6963f1198172c2b75c9ab6ecefb3045991f92f75f5eb41b6621b198123/easydict-1.13-py3-none-any.whl
  name: easydict
  version: '1.13'
  sha256: 6b787daf4dcaf6377b4ad9403a5cee5a86adbc0ca9a5bcf5410e9902002aeac2
- pypi: https://files.pythonhosted.org/packages/0b/a7/71ac2cff56fec219ed242bb11b8efb69fcc4bec75db06fb7bfe35de520e6/certifi-2026.7.22-py3-none-any.whl
  name: certifi
  version: 2026.7.22
  sha256: 62f22742b58a1a33014a2b6b706588a8d7e2a88ae7bd1a6ebe8c992928483775
  requires_python: '>=3.7'
- pypi: https://files.pythonhosted.org/packages/49/d3/b8441a820a491ddfc024b0b0cf0393375b75ea13866d9c66727e54c2fc80/typing_extensions-4.16.0-py3-none-any.whl
  name: typing-extensions
  version: 4.16.0
  sha256: 481caa481374e813c1b176ada14e97f1f67a4539ce9cfeb3f350d78d6370c2e8
  requires_python: '>=3.9'
- pypi: https://files.pythonhosted.org/packages/58/a2/bb081bab032533a855d44de1d56f8e8426114ff1ba5d1f07a438a0a654f8/idna-3.20-py3-none-any.whl
  name: idna
  version: '3.20'
  sha256: ab7ae7122974553370f0bdb919e1a960b2cd1bc1ef0276416d896db81c14582c
  requires_dist:
  - ruff>=0.16.0 ; extra == 'all'
  - mypy>=1.11.2 ; extra == 'all'
  - ty>=0.0.37 ; extra == 'all'
  - pytest>=8.3.2 ; extra == 'all'
  - hypothesis>=6.141.1 ; extra == 'all'
  - coverage>=7.10.0 ; extra == 'all'
  requires_python: '>=3.9'
- pypi: https://files.pythonhosted.org/packages/64/b4/17d4b0b2a2dc85a6df63d1157e028ed19f90d4cd97c36717afef2bc2f395/attrs-26.1.0-py3-none-any.whl
  name: attrs
  version: 26.1.0
  sha256: c647aa4a12dfbad9333ca4e71fe62ddc36f4e63b2d260a37a8b83d2f043ac309
  requires_python: '>=3.9'
- pypi: https://files.pythonhosted.org/packages/6a/b6/034f6802e9c3f6418966cfabb7db8c9252cc2429c5098f41cc43af804149/charset_normalizer-3.5.1-cp311-cp311-macosx_10_9_universal2.whl
  name: charset-normalizer
  version: 3.5.1
  sha256: eda059b6bc8bc0812d626fd91a7ce01bf583df0a61296eff390fd94141a34e30
  requires_python: '>=3.7'
- pypi: https://files.pythonhosted.org/packages/92/9d/c4e665119135114480843e7ab388fa94d8480650450e6f8e26b70d323a4c/urllib3-2.8.0-py3-none-any.whl
  name: urllib3
  version: 2.8.0
  sha256: 0cf3cae568d36aa9576b28dfb35f11328f1cb974ca7647d9475ebb86c75ac6e3
  requires_dist:
  - brotli>=1.2.0 ; platform_python_implementation == 'CPython' and extra == 'brotli'
  - brotlicffi>=1.2.0.0 ; platform_python_implementation != 'CPython' and extra == 'brotli'
  - h2>=4,<5 ; extra == 'h2'
  - pysocks>=1.5.6,!=1.5.7,<2.0 ; extra == 'socks'
  - backports-zstd>=1.0.0 ; python_full_version < '3.14' and extra == 'zstd'
  requires_python: '>=3.10'
- pypi: https://files.pythonhosted.org/packages/9d/bf/98209a164859c81d9eec311ee2b35cd1e5b33c7be8d3665c08850557abe1/url_normalize-3.0.1-py3-none-any.whl
  name: url-normalize
  version: 3.0.1
  sha256: 97ea68fc543b1fc9f270f34c90cf164453e7d490da2ec653dcd8ebd4e3ac1faf
  requires_dist:
  - idna>=3.3
  - mypy ; extra == 'dev'
  - pre-commit ; extra == 'dev'
  - pytest-cov ; extra == 'dev'
  - pytest-socket ; extra == 'dev'
  - pytest ; extra == 'dev'
  - ruff ; extra == 'dev'
  requires_python: '>=3.10'
- pypi: https://files.pythonhosted.org/packages/a0/f4/c67b0b3f1b9245e8d266f0f112c500d50e5b4e83cb6f3b71b6528104182a/requests-2.34.2-py3-none-any.whl
  name: requests
  version: 2.34.2
  sha256: 2a0d60c172f83ac6ab31e4554906c0f3b3588d37b5cb939b1c061f4907e278e0
  requires_dist:
  - charset-normalizer>=2,<4
  - idna>=2.5,<4
  - urllib3>=1.26,<3
  - certifi>=2023.5.7
  - pysocks>=1.5.6,!=1.5.7 ; extra == 'socks'
  - chardet>=3.0.2,<8 ; extra == 'use-chardet-on-py3'
  requires_python: '>=3.10'
- pypi: https://files.pythonhosted.org/packages/a5/bf/c1775e49b350225bd851576ba75263bc728d8f05c0e31439a45f3429cc7b/requests_cache-1.3.3-py3-none-any.whl
  name: requests-cache
  version: 1.3.3
  sha256: c8df20ff874ebfc026959e3874e6c12bd6724934cdb10925915908453d4b17e4
  requires_dist:
  - attrs>=21.2
  - cattrs>=22.2
  - platformdirs>=2.5
  - requests>=2.22
  - url-normalize>=2.0
  - urllib3>=1.25.5
  - boto3>=1.15 ; extra == 'all'
  - botocore>=1.18 ; extra == 'all'
  - itsdangerous>=2.0 ; extra == 'all'
  - orjson>=3.0 ; python_full_version < '3.14' and extra == 'all'
  - pymongo>=3 ; extra == 'all'
  - pyyaml>=6.0.1 ; extra == 'all'
  - redis>=3 ; extra == 'all'
  - ujson>=5.4 ; extra == 'all'
  - boto3>=1.15 ; extra == 'dynamodb'
  - botocore>=1.18 ; extra == 'dynamodb'
  - pymongo>=3 ; extra == 'mongodb'
  - redis>=3 ; extra == 'redis'
  - itsdangerous>=2.0 ; extra == 'security'
  - pyyaml>=6.0.1 ; extra == 'yaml'
  requires_python: '>=3.8'
- pypi: https://files.pythonhosted.org/packages/c2/7a/81dd5eb6d6166f733c02aeff6eff207ee3cd077872e6a20da925044c3d59/chembl_webresource_client-0.10.9-py3-none-any.whl
  name: chembl-webresource-client
  version: 0.10.9
  sha256: 99101cad1ad178c5a0d7d74d70923c7997e9e63ec0361c247c6252dc29e524b5
  requires_dist:
  - urllib3
  - requests>=2.18.4
  - requests-cache~=1.2
  - easydict
- pypi: https://files.pythonhosted.org/packages/ec/2b/69de6317fbf48865bb12aa56c9cfcfff46b3add0cd45250725d96146dce0/platformdirs-4.11.12-py3-none-any.whl
  name: platformdirs
  version: 4.11.12
  sha256: b1ba966ac76153d9985a0787ffab951e7c18416189873d4e4ddb2c8a04a0a254
  requires_python: '>=3.10'
- pypi: https://files.pythonhosted.org/packages/f5/4d/6b8460462012a52075ba97932197f8c141be71b8e5f7e918af08ee73424b/cattrs-26.2.0-py3-none-any.whl
  name: cattrs
  version: 26.2.0
  sha256: c680f17cd1df3a1c038ad1db8d90a9c595568cc54c4e8098e7ceb8d7b9bd826b
  requires_dist:
  - attrs>=25.4.0
  - exceptiongroup>=1.1.1 ; python_full_version < '3.11'
  - typing-extensions>=4.14.0
  - pymongo>=4.4.0 ; extra == 'bson'
  - cbor2>=5.4.6 ; extra == 'cbor2'
  - msgpack>=1.0.5 ; extra == 'msgpack'
  - msgspec>=0.21.1 ; implementation_name == 'cpython' and extra == 'msgspec'
  - orjson>=3.11.3 ; implementation_name == 'cpython' and extra == 'orjson'
  - pyyaml>=6.0 ; extra == 'pyyaml'
  - tomlkit>=0.11.8 ; extra == 'tomlkit'
  - tomli-w>=1.1.0 ; extra == 'tomllib'
  - tomli>=1.1.0 ; python_full_version < '3.11' and extra == 'tomllib'
  - ujson>=5.10.0 ; extra == 'ujson'
  requires_python: '>=3.10'
